# This file is automatically @generated by Cargo.
# It is not intended for manual editing.
version = 3

[[package]]
name = "addr2line"
version = "0.17.0"
source = "registry+https://github.com/rust-lang/crates.io-index"
checksum = "b9ecd88a8c8378ca913a680cd98f0f13ac67383d35993f86c90a70e3f137816b"
dependencies = [
 "gimli",
]

[[package]]
name = "adler"
version = "1.0.2"
source = "registry+https://github.com/rust-lang/crates.io-index"
checksum = "f26201604c87b1e01bd3d98f8d5d9a8fcbb815e8cedb41ffccbeb4bf593a35fe"

[[package]]
name = "ahash"
version = "0.7.6"
source = "registry+https://github.com/rust-lang/crates.io-index"
checksum = "fcb51a0695d8f838b1ee009b3fbf66bda078cd64590202a864a8f3e8c4315c47"
dependencies = [
 "getrandom",
 "once_cell",
 "version_check",
]

[[package]]
name = "aho-corasick"
version = "0.7.18"
source = "registry+https://github.com/rust-lang/crates.io-index"
checksum = "1e37cfd5e7657ada45f742d6e99ca5788580b5c529dc78faf11ece6dc702656f"
dependencies = [
 "memchr",
]

[[package]]
name = "ambient-authority"
version = "0.0.1"
source = "registry+https://github.com/rust-lang/crates.io-index"
checksum = "ec8ad6edb4840b78c5c3d88de606b22252d552b55f3a4699fbb10fc070ec3049"

[[package]]
name = "anyhow"
version = "1.0.61"
source = "registry+https://github.com/rust-lang/crates.io-index"
checksum = "508b352bb5c066aac251f6daf6b36eccd03e8a88e8081cd44959ea277a3af9a8"

[[package]]
name = "ascii"
version = "1.0.0"
source = "registry+https://github.com/rust-lang/crates.io-index"
checksum = "bbf56136a5198c7b01a49e3afcbef6cf84597273d298f54432926024107b0109"

[[package]]
name = "async-trait"
version = "0.1.57"
source = "registry+https://github.com/rust-lang/crates.io-index"
checksum = "76464446b8bc32758d7e88ee1a804d9914cd9b1cb264c029899680b0be29826f"
dependencies = [
 "proc-macro2",
 "quote",
 "syn",
]

[[package]]
name = "atty"
version = "0.2.14"
source = "registry+https://github.com/rust-lang/crates.io-index"
checksum = "d9b39be18770d11421cdb1b9947a45dd3f37e93092cbf377614828a319d5fee8"
dependencies = [
 "hermit-abi 0.1.19",
 "libc",
 "winapi",
]

[[package]]
name = "autocfg"
version = "1.1.0"
source = "registry+https://github.com/rust-lang/crates.io-index"
checksum = "d468802bab17cbc0cc575e9b053f41e72aa36bfa6b7f55e3529ffa43161b97fa"

[[package]]
name = "backtrace"
version = "0.3.66"
source = "registry+https://github.com/rust-lang/crates.io-index"
checksum = "cab84319d616cfb654d03394f38ab7e6f0919e181b1b57e1fd15e7fb4077d9a7"
dependencies = [
 "addr2line",
 "cc",
 "cfg-if",
 "libc",
 "miniz_oxide",
 "object 0.29.0",
 "rustc-demangle",
]

[[package]]
name = "base64"
version = "0.13.0"
source = "registry+https://github.com/rust-lang/crates.io-index"
checksum = "904dfeac50f3cdaba28fc6f57fdcddb75f49ed61346676a78c4ffe55877802fd"

[[package]]
name = "bincode"
version = "1.3.3"
source = "registry+https://github.com/rust-lang/crates.io-index"
checksum = "b1f45e9417d87227c7a56d22e471c6206462cba514c7590c09aff4cf6d1ddcad"
dependencies = [
 "serde",
]

[[package]]
name = "bitflags"
version = "1.3.2"
source = "registry+https://github.com/rust-lang/crates.io-index"
checksum = "bef38d45163c2f1dde094a7dfd33ccf595c92905c8f8f4fdc18d06fb1037718a"

[[package]]
name = "block-buffer"
version = "0.9.0"
source = "registry+https://github.com/rust-lang/crates.io-index"
checksum = "4152116fd6e9dadb291ae18fc1ec3575ed6d84c29642d97890f4b4a3417297e4"
dependencies = [
 "generic-array",
]

[[package]]
name = "byteorder"
version = "1.4.3"
source = "registry+https://github.com/rust-lang/crates.io-index"
checksum = "14c189c53d098945499cdfa7ecc63567cf3886b3332b312a5b4585d8d3a6a610"

[[package]]
name = "cap-fs-ext"
version = "0.25.2"
source = "registry+https://github.com/rust-lang/crates.io-index"
checksum = "04e142bbbe9d5d6a2dd0387f887a000b41f4c82fb1226316dfb4cc8dbc3b1a29"
dependencies = [
 "cap-primitives",
 "cap-std",
 "io-lifetimes",
 "windows-sys",
]

[[package]]
name = "cap-primitives"
version = "0.25.2"
source = "registry+https://github.com/rust-lang/crates.io-index"
checksum = "7f22f4975282dd4f2330ee004f001c4e22f420da9fb474ea600e9af330f1e548"
dependencies = [
 "ambient-authority",
 "errno",
 "fs-set-times",
 "io-extras",
 "io-lifetimes",
 "ipnet",
 "maybe-owned",
 "rustix",
 "winapi-util",
 "windows-sys",
 "winx",
]

[[package]]
name = "cap-rand"
version = "0.25.2"
source = "registry+https://github.com/rust-lang/crates.io-index"
checksum = "ef643f8defef7061c395bb3721b6a80d39c1baaa8ee2e42edf2917fa05584e7f"
dependencies = [
 "ambient-authority",
 "rand",
]

[[package]]
name = "cap-std"
version = "0.25.2"
source = "registry+https://github.com/rust-lang/crates.io-index"
checksum = "95624bb0abba6b6ff6fad2e02a7d3945d093d064ac5a3477a308c29fbe3bfd49"
dependencies = [
 "cap-primitives",
 "io-extras",
 "io-lifetimes",
 "ipnet",
 "rustix",
]

[[package]]
name = "cap-time-ext"
version = "0.25.2"
source = "registry+https://github.com/rust-lang/crates.io-index"
checksum = "46a2d284862edf6e431e9ad4e109c02855157904cebaceae6f042b124a1a21e2"
dependencies = [
 "cap-primitives",
 "once_cell",
 "rustix",
 "winx",
]

[[package]]
name = "cc"
version = "1.0.73"
source = "registry+https://github.com/rust-lang/crates.io-index"
checksum = "2fff2a6927b3bb87f9595d67196a70493f627687a71d87a0d692242c33f58c11"
dependencies = [
 "jobserver",
]

[[package]]
name = "cfg-if"
version = "1.0.0"
source = "registry+https://github.com/rust-lang/crates.io-index"
checksum = "baf1de4339761588bc0619e3cbc0120ee582ebb74b53b4efbf79117bd2da40fd"

[[package]]
name = "chunked_transfer"
version = "1.4.0"
source = "registry+https://github.com/rust-lang/crates.io-index"
checksum = "fff857943da45f546682664a79488be82e69e43c1a7a2307679ab9afb3a66d2e"

[[package]]
name = "cpp_demangle"
version = "0.3.5"
source = "registry+https://github.com/rust-lang/crates.io-index"
checksum = "eeaa953eaad386a53111e47172c2fedba671e5684c8dd601a5f474f4f118710f"
dependencies = [
 "cfg-if",
]

[[package]]
name = "cpufeatures"
version = "0.2.2"
source = "registry+https://github.com/rust-lang/crates.io-index"
checksum = "59a6001667ab124aebae2a495118e11d30984c3a653e99d86d58971708cf5e4b"
dependencies = [
 "libc",
]

[[package]]
name = "cranelift-bforest"
version = "0.86.1"
source = "registry+https://github.com/rust-lang/crates.io-index"
checksum = "529ffacce2249ac60edba2941672dfedf3d96558b415d0d8083cd007456e0f55"
dependencies = [
 "cranelift-entity",
]

[[package]]
name = "cranelift-codegen"
version = "0.86.1"
source = "registry+https://github.com/rust-lang/crates.io-index"
checksum = "427d105f617efc8cb55f8d036a7fded2e227892d8780b4985e5551f8d27c4a92"
dependencies = [
 "cranelift-bforest",
 "cranelift-codegen-meta",
 "cranelift-codegen-shared",
 "cranelift-entity",
 "cranelift-isle",
 "gimli",
 "log",
 "regalloc2",
 "smallvec",
 "target-lexicon",
]

[[package]]
name = "cranelift-codegen-meta"
version = "0.86.1"
source = "registry+https://github.com/rust-lang/crates.io-index"
checksum = "551674bed85b838d45358e3eab4f0ffaa6790c70dc08184204b9a54b41cdb7d1"
dependencies = [
 "cranelift-codegen-shared",
]

[[package]]
name = "cranelift-codegen-shared"
version = "0.86.1"
source = "registry+https://github.com/rust-lang/crates.io-index"
checksum = "2b3a63ae57498c3eb495360944a33571754241e15e47e3bcae6082f40fec5866"

[[package]]
name = "cranelift-entity"
version = "0.86.1"
source = "registry+https://github.com/rust-lang/crates.io-index"
checksum = "11aa8aa624c72cc1c94ea3d0739fa61248260b5b14d3646f51593a88d67f3e6e"
dependencies = [
 "serde",
]

[[package]]
name = "cranelift-frontend"
version = "0.86.1"
source = "registry+https://github.com/rust-lang/crates.io-index"
checksum = "544ee8f4d1c9559c9aa6d46e7aaeac4a13856d620561094f35527356c7d21bd0"
dependencies = [
 "cranelift-codegen",
 "log",
 "smallvec",
 "target-lexicon",
]

[[package]]
name = "cranelift-isle"
version = "0.86.1"
source = "registry+https://github.com/rust-lang/crates.io-index"
checksum = "ed16b14363d929b8c37e3c557d0a7396791b383ecc302141643c054343170aad"

[[package]]
name = "cranelift-native"
version = "0.86.1"
source = "registry+https://github.com/rust-lang/crates.io-index"
checksum = "51617cf8744634f2ed3c989c3c40cd6444f63377c6d994adab0d85807f3eb682"
dependencies = [
 "cranelift-codegen",
 "libc",
 "target-lexicon",
]

[[package]]
name = "cranelift-wasm"
version = "0.86.1"
source = "registry+https://github.com/rust-lang/crates.io-index"
checksum = "e5a8073a41efc173fd19bad3f725c170c705df6da999fc47a738ff310225dd63"
dependencies = [
 "cranelift-codegen",
 "cranelift-entity",
 "cranelift-frontend",
 "itertools",
 "log",
 "smallvec",
 "wasmparser",
 "wasmtime-types",
]

[[package]]
name = "crc32fast"
version = "1.3.2"
source = "registry+https://github.com/rust-lang/crates.io-index"
checksum = "b540bd8bc810d3885c6ea91e2018302f68baba2129ab3e88f32389ee9370880d"
dependencies = [
 "cfg-if",
]

[[package]]
name = "crossbeam-channel"
version = "0.5.6"
source = "registry+https://github.com/rust-lang/crates.io-index"
checksum = "c2dd04ddaf88237dc3b8d8f9a3c1004b506b54b3313403944054d23c0870c521"
dependencies = [
 "cfg-if",
 "crossbeam-utils",
]

[[package]]
name = "crossbeam-deque"
version = "0.8.2"
source = "registry+https://github.com/rust-lang/crates.io-index"
checksum = "715e8152b692bba2d374b53d4875445368fdf21a94751410af607a5ac677d1fc"
dependencies = [
 "cfg-if",
 "crossbeam-epoch",
 "crossbeam-utils",
]

[[package]]
name = "crossbeam-epoch"
version = "0.9.10"
source = "registry+https://github.com/rust-lang/crates.io-index"
checksum = "045ebe27666471bb549370b4b0b3e51b07f56325befa4284db65fc89c02511b1"
dependencies = [
 "autocfg",
 "cfg-if",
 "crossbeam-utils",
 "memoffset",
 "once_cell",
 "scopeguard",
]

[[package]]
name = "crossbeam-utils"
version = "0.8.11"
source = "registry+https://github.com/rust-lang/crates.io-index"
checksum = "51887d4adc7b564537b15adcfb307936f8075dfcd5f00dde9a9f1d29383682bc"
dependencies = [
 "cfg-if",
 "once_cell",
]

[[package]]
name = "digest"
version = "0.9.0"
source = "registry+https://github.com/rust-lang/crates.io-index"
checksum = "d3dd60d1080a57a05ab032377049e0591415d2b31afd7028356dbf3cc6dcb066"
dependencies = [
 "generic-array",
]

[[package]]
name = "directories-next"
version = "2.0.0"
source = "registry+https://github.com/rust-lang/crates.io-index"
checksum = "339ee130d97a610ea5a5872d2bbb130fdf68884ff09d3028b81bec8a1ac23bbc"
dependencies = [
 "cfg-if",
 "dirs-sys-next",
]

[[package]]
name = "dirs"
version = "4.0.0"
source = "registry+https://github.com/rust-lang/crates.io-index"
checksum = "ca3aa72a6f96ea37bbc5aa912f6788242832f75369bdfdadcb0e38423f100059"
dependencies = [
 "dirs-sys",
]

[[package]]
name = "dirs-sys"
version = "0.3.7"
source = "registry+https://github.com/rust-lang/crates.io-index"
checksum = "1b1d1d91c932ef41c0f2663aa8b0ca0342d444d842c06914aa0a7e352d0bada6"
dependencies = [
 "libc",
 "redox_users",
 "winapi",
]

[[package]]
name = "dirs-sys-next"
version = "0.1.2"
source = "registry+https://github.com/rust-lang/crates.io-index"
checksum = "4ebda144c4fe02d1f7ea1a7d9641b6fc6b580adcfa024ae48797ecdeb6825b4d"
dependencies = [
 "libc",
 "redox_users",
 "winapi",
]

[[package]]
name = "either"
version = "1.7.0"
source = "registry+https://github.com/rust-lang/crates.io-index"
checksum = "3f107b87b6afc2a64fd13cac55fe06d6c8859f12d4b14cbcdd2c67d0976781be"

[[package]]
name = "env_logger"
version = "0.9.0"
source = "registry+https://github.com/rust-lang/crates.io-index"
checksum = "0b2cf0344971ee6c64c31be0d530793fba457d322dfec2810c453d0ef228f9c3"
dependencies = [
 "atty",
 "humantime",
 "log",
 "regex",
 "termcolor",
]

[[package]]
name = "errno"
version = "0.2.8"
source = "registry+https://github.com/rust-lang/crates.io-index"
checksum = "f639046355ee4f37944e44f60642c6f3a7efa3cf6b78c78a0d989a8ce6c396a1"
dependencies = [
 "errno-dragonfly",
 "libc",
 "winapi",
]

[[package]]
name = "errno-dragonfly"
version = "0.1.2"
source = "registry+https://github.com/rust-lang/crates.io-index"
checksum = "aa68f1b12764fab894d2755d2518754e71b4fd80ecfb822714a1206c2aab39bf"
dependencies = [
 "cc",
 "libc",
]

[[package]]
name = "fallible-iterator"
version = "0.2.0"
source = "registry+https://github.com/rust-lang/crates.io-index"
checksum = "4443176a9f2c162692bd3d352d745ef9413eec5782a80d8fd6f8a1ac692a07f7"

[[package]]
name = "file-per-thread-logger"
version = "0.1.5"
source = "registry+https://github.com/rust-lang/crates.io-index"
checksum = "21e16290574b39ee41c71aeb90ae960c504ebaf1e2a1c87bd52aa56ed6e1a02f"
dependencies = [
 "env_logger",
 "log",
]

[[package]]
name = "form_urlencoded"
version = "1.0.1"
source = "registry+https://github.com/rust-lang/crates.io-index"
checksum = "5fc25a87fa4fd2094bffb06925852034d90a17f0d1e05197d4956d3555752191"
dependencies = [
 "matches",
 "percent-encoding",
]

[[package]]
name = "fs-set-times"
version = "0.17.1"
source = "registry+https://github.com/rust-lang/crates.io-index"
checksum = "a267b6a9304912e018610d53fe07115d8b530b160e85db4d2d3a59f3ddde1aec"
dependencies = [
 "io-lifetimes",
 "rustix",
 "windows-sys",
]

[[package]]
name = "fxhash"
version = "0.2.1"
source = "registry+https://github.com/rust-lang/crates.io-index"
checksum = "c31b6d751ae2c7f11320402d34e41349dd1016f8d5d45e48c4312bc8625af50c"
dependencies = [
 "byteorder",
]

[[package]]
name = "generic-array"
version = "0.14.6"
source = "registry+https://github.com/rust-lang/crates.io-index"
checksum = "bff49e947297f3312447abdca79f45f4738097cc82b06e72054d2223f601f1b9"
dependencies = [
 "typenum",
 "version_check",
]

[[package]]
name = "getrandom"
version = "0.2.7"
source = "registry+https://github.com/rust-lang/crates.io-index"
checksum = "4eb1a864a501629691edf6c15a593b7a51eebaa1e8468e9ddc623de7c9b58ec6"
dependencies = [
 "cfg-if",
 "libc",
 "wasi",
]

[[package]]
name = "gimli"
version = "0.26.2"
source = "registry+https://github.com/rust-lang/crates.io-index"
checksum = "22030e2c5a68ec659fde1e949a745124b48e6fa8b045b7ed5bd1fe4ccc5c4e5d"
dependencies = [
 "fallible-iterator",
 "indexmap",
 "stable_deref_trait",
]

[[package]]
name = "hashbrown"
version = "0.11.2"
source = "registry+https://github.com/rust-lang/crates.io-index"
checksum = "ab5ef0d4909ef3724cc8cce6ccc8572c5c817592e9285f5464f8e86f8bd3726e"
dependencies = [
 "ahash",
]

[[package]]
name = "hashbrown"
version = "0.12.3"
source = "registry+https://github.com/rust-lang/crates.io-index"
checksum = "8a9ee70c43aaf417c914396645a0fa852624801b24ebb7ae78fe8272889ac888"

[[package]]
name = "heck"
version = "0.4.0"
source = "registry+https://github.com/rust-lang/crates.io-index"
checksum = "2540771e65fc8cb83cd6e8a237f70c319bd5c29f78ed1084ba5d50eeac86f7f9"

[[package]]
name = "hermit-abi"
version = "0.1.19"
source = "registry+https://github.com/rust-lang/crates.io-index"
checksum = "62b467343b94ba476dcb2500d242dadbb39557df889310ac77c5d99100aaac33"
dependencies = [
 "libc",
]

[[package]]
name = "hermit-abi"
version = "0.2.5"
source = "registry+https://github.com/rust-lang/crates.io-index"
checksum = "897cd85af6387be149f55acf168e41be176a02de7872403aaab184afc2f327e6"
dependencies = [
 "libc",
]

[[package]]
name = "humantime"
version = "2.1.0"
source = "registry+https://github.com/rust-lang/crates.io-index"
checksum = "9a3a5bfb195931eeb336b2a7b4d761daec841b97f947d34394601737a7bba5e4"

[[package]]
name = "idna"
version = "0.2.3"
source = "registry+https://github.com/rust-lang/crates.io-index"
checksum = "418a0a6fab821475f634efe3ccc45c013f742efe03d853e8d3355d5cb850ecf8"
dependencies = [
 "matches",
 "unicode-bidi",
 "unicode-normalization",
]

[[package]]
name = "indexmap"
version = "1.9.1"
source = "registry+https://github.com/rust-lang/crates.io-index"
checksum = "10a35a97730320ffe8e2d410b5d3b69279b98d2c14bdb8b70ea89ecf7888d41e"
dependencies = [
 "autocfg",
 "hashbrown 0.12.3",
 "serde",
]

[[package]]
name = "io-extras"
version = "0.15.0"
source = "registry+https://github.com/rust-lang/crates.io-index"
checksum = "4a5d8c2ab5becd8720e30fd25f8fa5500d8dc3fceadd8378f05859bd7b46fc49"
dependencies = [
 "io-lifetimes",
 "windows-sys",
]

[[package]]
name = "io-lifetimes"
version = "0.7.2"
source = "registry+https://github.com/rust-lang/crates.io-index"
checksum = "24c3f4eff5495aee4c0399d7b6a0dc2b6e81be84242ffbfcf253ebacccc1d0cb"
dependencies = [
 "libc",
 "windows-sys",
]

[[package]]
name = "ipnet"
version = "2.5.0"
source = "registry+https://github.com/rust-lang/crates.io-index"
checksum = "879d54834c8c76457ef4293a689b2a8c59b076067ad77b15efafbb05f92a592b"

[[package]]
name = "is-terminal"
version = "0.3.0"
source = "registry+https://github.com/rust-lang/crates.io-index"
checksum = "0d508111813f9af3afd2f92758f77e4ed2cc9371b642112c6a48d22eb73105c5"
dependencies = [
 "hermit-abi 0.2.5",
 "io-lifetimes",
 "rustix",
 "windows-sys",
]

[[package]]
name = "itertools"
version = "0.10.3"
source = "registry+https://github.com/rust-lang/crates.io-index"
checksum = "a9a9d19fa1e79b6215ff29b9d6880b706147f16e9b1dbb1e4e5947b5b02bc5e3"
dependencies = [
 "either",
]

[[package]]
name = "itoa"
version = "1.0.3"
source = "registry+https://github.com/rust-lang/crates.io-index"
checksum = "6c8af84674fe1f223a982c933a0ee1086ac4d4052aa0fb8060c12c6ad838e754"

[[package]]
name = "ittapi-rs"
version = "0.2.0"
source = "registry+https://github.com/rust-lang/crates.io-index"
checksum = "f712648a1ad72fbfb7adc2772c331e8d90f022f8cf30cbabefba2878dd3172b0"
dependencies = [
 "cc",
]

[[package]]
name = "jobserver"
version = "0.1.24"
source = "registry+https://github.com/rust-lang/crates.io-index"
checksum = "af25a77299a7f711a01975c35a6a424eb6862092cc2d6c72c4ed6cbc56dfc1fa"
dependencies = [
 "libc",
]

[[package]]
name = "lazy_static"
version = "1.4.0"
source = "registry+https://github.com/rust-lang/crates.io-index"
checksum = "e2abad23fbc42b3700f2f279844dc832adb2b2eb069b2df918f455c4e18cc646"

[[package]]
name = "leb128"
version = "0.2.5"
source = "registry+https://github.com/rust-lang/crates.io-index"
checksum = "884e2677b40cc8c339eaefcb701c32ef1fd2493d71118dc0ca4b6a736c93bd67"

[[package]]
name = "libc"
version = "0.2.129"
source = "registry+https://github.com/rust-lang/crates.io-index"
checksum = "64de3cc433455c14174d42e554d4027ee631c4d046d43e3ecc6efc4636cdc7a7"

[[package]]
name = "linux-raw-sys"
version = "0.0.46"
source = "registry+https://github.com/rust-lang/crates.io-index"
checksum = "d4d2456c373231a208ad294c33dc5bff30051eafd954cd4caae83a712b12854d"

[[package]]
name = "log"
version = "0.4.17"
source = "registry+https://github.com/rust-lang/crates.io-index"
checksum = "abb12e687cfb44aa40f41fc3978ef76448f9b6038cad6aef4259d3c095a2382e"
dependencies = [
 "cfg-if",
]

[[package]]
name = "mach"
version = "0.3.2"
source = "registry+https://github.com/rust-lang/crates.io-index"
checksum = "b823e83b2affd8f40a9ee8c29dbc56404c1e34cd2710921f2801e2cf29527afa"
dependencies = [
 "libc",
]

[[package]]
name = "matches"
version = "0.1.9"
source = "registry+https://github.com/rust-lang/crates.io-index"
checksum = "a3e378b66a060d48947b590737b30a1be76706c8dd7b8ba0f2fe3989c68a853f"

[[package]]
name = "maybe-owned"
version = "0.3.4"
source = "registry+https://github.com/rust-lang/crates.io-index"
checksum = "4facc753ae494aeb6e3c22f839b158aebd4f9270f55cd3c79906c45476c47ab4"

[[package]]
name = "memchr"
version = "2.5.0"
source = "registry+https://github.com/rust-lang/crates.io-index"
checksum = "2dffe52ecf27772e601905b7522cb4ef790d2cc203488bbd0e2fe85fcb74566d"

[[package]]
name = "memfd"
version = "0.6.1"
source = "registry+https://github.com/rust-lang/crates.io-index"
checksum = "480b5a5de855d11ff13195950bdc8b98b5e942ef47afc447f6615cdcc4e15d80"
dependencies = [
 "rustix",
]

[[package]]
name = "memoffset"
version = "0.6.5"
source = "registry+https://github.com/rust-lang/crates.io-index"
checksum = "5aa361d4faea93603064a027415f07bd8e1d5c88c9fbf68bf56a285428fd79ce"
dependencies = [
 "autocfg",
]

[[package]]
name = "miniz_oxide"
version = "0.5.3"
source = "registry+https://github.com/rust-lang/crates.io-index"
checksum = "6f5c75688da582b8ffc1f1799e9db273f32133c49e048f614d22ec3256773ccc"
dependencies = [
 "adler",
]

[[package]]
name = "more-asserts"
version = "0.2.2"
source = "registry+https://github.com/rust-lang/crates.io-index"
checksum = "7843ec2de400bcbc6a6328c958dc38e5359da6e93e72e37bc5246bf1ae776389"

[[package]]
name = "num_cpus"
version = "1.13.1"
source = "registry+https://github.com/rust-lang/crates.io-index"
checksum = "19e64526ebdee182341572e50e9ad03965aa510cd94427a4549448f285e957a1"
dependencies = [
 "hermit-abi 0.1.19",
 "libc",
]

[[package]]
name = "num_threads"
version = "0.1.6"
source = "registry+https://github.com/rust-lang/crates.io-index"
checksum = "2819ce041d2ee131036f4fc9d6ae7ae125a3a40e97ba64d04fe799ad9dabbb44"
dependencies = [
 "libc",
]

[[package]]
name = "object"
version = "0.28.4"
source = "registry+https://github.com/rust-lang/crates.io-index"
checksum = "e42c982f2d955fac81dd7e1d0e1426a7d702acd9c98d19ab01083a6a0328c424"
dependencies = [
 "crc32fast",
 "hashbrown 0.11.2",
 "indexmap",
 "memchr",
]

[[package]]
name = "object"
version = "0.29.0"
source = "registry+https://github.com/rust-lang/crates.io-index"
checksum = "21158b2c33aa6d4561f1c0a6ea283ca92bc54802a93b263e910746d679a7eb53"
dependencies = [
 "memchr",
]

[[package]]
name = "once_cell"
version = "1.13.0"
source = "registry+https://github.com/rust-lang/crates.io-index"
checksum = "18a6dbe30758c9f83eb00cbea4ac95966305f5a7772f3f42ebfc7fc7eddbd8e1"

[[package]]
name = "opaque-debug"
version = "0.3.0"
source = "registry+https://github.com/rust-lang/crates.io-index"
checksum = "624a8340c38c1b80fd549087862da4ba43e08858af025b236e509b6649fc13d5"

[[package]]
name = "paste"
version = "1.0.8"
source = "registry+https://github.com/rust-lang/crates.io-index"
checksum = "9423e2b32f7a043629287a536f21951e8c6a82482d0acb1eeebfc90bc2225b22"

[[package]]
name = "percent-encoding"
version = "2.1.0"
source = "registry+https://github.com/rust-lang/crates.io-index"
checksum = "d4fd5641d01c8f18a23da7b6fe29298ff4b55afcccdf78973b24cf3175fee32e"

[[package]]
name = "pin-project-lite"
version = "0.2.9"
source = "registry+https://github.com/rust-lang/crates.io-index"
checksum = "e0a7ae3ac2f1173085d398531c705756c94a4c56843785df85a60c1a0afac116"

[[package]]
name = "ppv-lite86"
version = "0.2.16"
source = "registry+https://github.com/rust-lang/crates.io-index"
checksum = "eb9f9e6e233e5c4a35559a617bf40a4ec447db2e84c20b55a6f83167b7e57872"

[[package]]
name = "proc-macro2"
version = "1.0.43"
source = "registry+https://github.com/rust-lang/crates.io-index"
checksum = "0a2ca2c61bc9f3d74d2886294ab7b9853abd9c1ad903a3ac7815c58989bb7bab"
dependencies = [
 "unicode-ident",
]

[[package]]
name = "psm"
version = "0.1.20"
source = "registry+https://github.com/rust-lang/crates.io-index"
checksum = "f446d0a6efba22928558c4fb4ce0b3fd6c89b0061343e390bf01a703742b8125"
dependencies = [
 "cc",
]

[[package]]
name = "quote"
version = "1.0.21"
source = "registry+https://github.com/rust-lang/crates.io-index"
checksum = "bbe448f377a7d6961e30f5955f9b8d106c3f5e449d493ee1b125c1d43c2b5179"
dependencies = [
 "proc-macro2",
]

[[package]]
name = "rand"
version = "0.8.5"
source = "registry+https://github.com/rust-lang/crates.io-index"
checksum = "34af8d1a0e25924bc5b7c43c079c942339d8f0a8b57c39049bef581b46327404"
dependencies = [
 "libc",
 "rand_chacha",
 "rand_core",
]

[[package]]
name = "rand_chacha"
version = "0.3.1"
source = "registry+https://github.com/rust-lang/crates.io-index"
checksum = "e6c10a63a0fa32252be49d21e7709d4d4baf8d231c2dbce1eaa8141b9b127d88"
dependencies = [
 "ppv-lite86",
 "rand_core",
]

[[package]]
name = "rand_core"
version = "0.6.3"
source = "registry+https://github.com/rust-lang/crates.io-index"
checksum = "d34f1408f55294453790c48b2f1ebbb1c5b4b7563eb1f418bcfcfdbb06ebb4e7"
dependencies = [
 "getrandom",
]

[[package]]
name = "rayon"
version = "1.5.3"
source = "registry+https://github.com/rust-lang/crates.io-index"
checksum = "bd99e5772ead8baa5215278c9b15bf92087709e9c1b2d1f97cdb5a183c933a7d"
dependencies = [
 "autocfg",
 "crossbeam-deque",
 "either",
 "rayon-core",
]

[[package]]
name = "rayon-core"
version = "1.9.3"
source = "registry+https://github.com/rust-lang/crates.io-index"
checksum = "258bcdb5ac6dad48491bb2992db6b7cf74878b0384908af124823d118c99683f"
dependencies = [
 "crossbeam-channel",
 "crossbeam-deque",
 "crossbeam-utils",
 "num_cpus",
]

[[package]]
name = "redox_syscall"
version = "0.2.16"
source = "registry+https://github.com/rust-lang/crates.io-index"
checksum = "fb5a58c1855b4b6819d59012155603f0b22ad30cad752600aadfcb695265519a"
dependencies = [
 "bitflags",
]

[[package]]
name = "redox_users"
version = "0.4.3"
source = "registry+https://github.com/rust-lang/crates.io-index"
checksum = "b033d837a7cf162d7993aded9304e30a83213c648b6e389db233191f891e5c2b"
dependencies = [
 "getrandom",
 "redox_syscall",
 "thiserror",
]

[[package]]
name = "regalloc2"
version = "0.3.2"
source = "registry+https://github.com/rust-lang/crates.io-index"
checksum = "d43a209257d978ef079f3d446331d0f1794f5e0fc19b306a199983857833a779"
dependencies = [
 "fxhash",
 "log",
 "slice-group-by",
 "smallvec",
]

[[package]]
name = "regex"
version = "1.6.0"
source = "registry+https://github.com/rust-lang/crates.io-index"
checksum = "4c4eb3267174b8c6c2f654116623910a0fef09c4753f8dd83db29c48a0df988b"
dependencies = [
 "aho-corasick",
 "memchr",
 "regex-syntax",
]

[[package]]
name = "regex-syntax"
version = "0.6.27"
source = "registry+https://github.com/rust-lang/crates.io-index"
checksum = "a3f87b73ce11b1619a3c6332f45341e0047173771e8b8b73f87bfeefb7b56244"

[[package]]
name = "region"
version = "2.2.0"
source = "registry+https://github.com/rust-lang/crates.io-index"
checksum = "877e54ea2adcd70d80e9179344c97f93ef0dffd6b03e1f4529e6e83ab2fa9ae0"
dependencies = [
 "bitflags",
 "libc",
 "mach",
 "winapi",
]

[[package]]
name = "rustc-demangle"
version = "0.1.21"
source = "registry+https://github.com/rust-lang/crates.io-index"
checksum = "7ef03e0a2b150c7a90d01faf6254c9c48a41e95fb2a8c2ac1c6f0d2b9aefc342"

[[package]]
name = "rustix"
version = "0.35.7"
source = "registry+https://github.com/rust-lang/crates.io-index"
checksum = "d51cc38aa10f6bbb377ed28197aa052aa4e2b762c22be9d3153d01822587e787"
dependencies = [
 "bitflags",
 "errno",
 "io-lifetimes",
 "itoa",
 "libc",
 "linux-raw-sys",
 "once_cell",
 "windows-sys",
]

[[package]]
name = "scopeguard"
version = "1.1.0"
source = "registry+https://github.com/rust-lang/crates.io-index"
checksum = "d29ab0c6d3fc0ee92fe66e2d99f700eab17a8d57d1c1d3b748380fb20baa78cd"

[[package]]
name = "serde"
version = "1.0.143"
source = "registry+https://github.com/rust-lang/crates.io-index"
checksum = "53e8e5d5b70924f74ff5c6d64d9a5acd91422117c60f48c4e07855238a254553"
dependencies = [
 "serde_derive",
]

[[package]]
name = "serde_derive"
version = "1.0.143"
source = "registry+https://github.com/rust-lang/crates.io-index"
checksum = "d3d8e8de557aee63c26b85b947f5e59b690d0454c753f3adeb5cd7835ab88391"
dependencies = [
 "proc-macro2",
 "quote",
 "syn",
]

[[package]]
name = "sha2"
version = "0.9.9"
source = "registry+https://github.com/rust-lang/crates.io-index"
checksum = "4d58a1e1bf39749807d89cf2d98ac2dfa0ff1cb3faa38fbb64dd88ac8013d800"
dependencies = [
 "block-buffer",
 "cfg-if",
 "cpufeatures",
 "digest",
 "opaque-debug",
]

[[package]]
name = "shellexpand"
version = "2.1.2"
source = "registry+https://github.com/rust-lang/crates.io-index"
checksum = "7ccc8076840c4da029af4f87e4e8daeb0fca6b87bbb02e10cb60b791450e11e4"
dependencies = [
 "dirs",
]

[[package]]
name = "slice-group-by"
version = "0.3.0"
source = "registry+https://github.com/rust-lang/crates.io-index"
checksum = "03b634d87b960ab1a38c4fe143b508576f075e7c978bfad18217645ebfdfa2ec"

[[package]]
name = "smallvec"
version = "1.9.0"
source = "registry+https://github.com/rust-lang/crates.io-index"
checksum = "2fd0db749597d91ff862fd1d55ea87f7855a744a8425a64695b6fca237d1dad1"

[[package]]
name = "stable_deref_trait"
version = "1.2.0"
source = "registry+https://github.com/rust-lang/crates.io-index"
checksum = "a8f112729512f8e442d81f95a8a7ddf2b7c6b8a1a6f509a95864142b30cab2d3"

[[package]]
name = "syn"
version = "1.0.99"
source = "registry+https://github.com/rust-lang/crates.io-index"
checksum = "58dbef6ec655055e20b86b15a8cc6d439cca19b667537ac6a1369572d151ab13"
dependencies = [
 "proc-macro2",
 "quote",
 "unicode-ident",
]

[[package]]
name = "system-interface"
version = "0.21.0"
source = "registry+https://github.com/rust-lang/crates.io-index"
checksum = "2e3e98c4cf2f43a7e3b3a943b63fd192559b8a98ddcbef260580f29f0f4b9d1b"
dependencies = [
 "atty",
 "bitflags",
 "cap-fs-ext",
 "cap-std",
 "io-lifetimes",
 "rustix",
 "windows-sys",
 "winx",
]

[[package]]
name = "target-lexicon"
version = "0.12.4"
source = "registry+https://github.com/rust-lang/crates.io-index"
checksum = "c02424087780c9b71cc96799eaeddff35af2bc513278cda5c99fc1f5d026d3c1"

[[package]]
name = "termcolor"
version = "1.1.3"
source = "registry+https://github.com/rust-lang/crates.io-index"
checksum = "bab24d30b911b2376f3a13cc2cd443142f0c81dda04c118693e35b3835757755"
dependencies = [
 "winapi-util",
]

[[package]]
name = "thiserror"
version = "1.0.32"
source = "registry+https://github.com/rust-lang/crates.io-index"
checksum = "f5f6586b7f764adc0231f4c79be7b920e766bb2f3e51b3661cdb263828f19994"
dependencies = [
 "thiserror-impl",
]

[[package]]
name = "thiserror-impl"
version = "1.0.32"
source = "registry+https://github.com/rust-lang/crates.io-index"
checksum = "12bafc5b54507e0149cdf1b145a5d80ab80a90bcd9275df43d4fff68460f6c21"
dependencies = [
 "proc-macro2",
 "quote",
 "syn",
]

[[package]]
name = "time"
version = "0.3.13"
source = "registry+https://github.com/rust-lang/crates.io-index"
checksum = "db76ff9fa4b1458b3c7f077f3ff9887394058460d21e634355b273aaf11eea45"
dependencies = [
 "itoa",
 "libc",
 "num_threads",
 "time-macros",
]

[[package]]
name = "time-macros"
version = "0.2.4"
source = "registry+https://github.com/rust-lang/crates.io-index"
checksum = "42657b1a6f4d817cda8e7a0ace261fe0cc946cf3a80314390b22cc61ae080792"

[[package]]
name = "tiny_http"
version = "0.11.0"
source = "registry+https://github.com/rust-lang/crates.io-index"
checksum = "e0d6ef4e10d23c1efb862eecad25c5054429a71958b4eeef85eb5e7170b477ca"
dependencies = [
 "ascii",
 "chunked_transfer",
 "log",
 "time",
 "url",
]

[[package]]
name = "tinyvec"
version = "1.6.0"
source = "registry+https://github.com/rust-lang/crates.io-index"
checksum = "87cc5ceb3875bb20c2890005a4e226a4651264a5c75edb2421b52861a0a0cb50"
dependencies = [
 "tinyvec_macros",
]

[[package]]
name = "tinyvec_macros"
version = "0.1.0"
source = "registry+https://github.com/rust-lang/crates.io-index"
checksum = "cda74da7e1a664f795bb1f8a87ec406fb89a02522cf6e50620d016add6dbbf5c"

[[package]]
name = "toml"
version = "0.5.9"
source = "registry+https://github.com/rust-lang/crates.io-index"
checksum = "8d82e1a7758622a465f8cee077614c73484dac5b836c02ff6a40d5d1010324d7"
dependencies = [
 "serde",
]

[[package]]
name = "tracing"
version = "0.1.36"
source = "registry+https://github.com/rust-lang/crates.io-index"
checksum = "2fce9567bd60a67d08a16488756721ba392f24f29006402881e43b19aac64307"
dependencies = [
 "cfg-if",
 "log",
 "pin-project-lite",
 "tracing-attributes",
 "tracing-core",
]

[[package]]
name = "tracing-attributes"
version = "0.1.22"
source = "registry+https://github.com/rust-lang/crates.io-index"
checksum = "11c75893af559bc8e10716548bdef5cb2b983f8e637db9d0e15126b61b484ee2"
dependencies = [
 "proc-macro2",
 "quote",
 "syn",
]

[[package]]
name = "tracing-core"
version = "0.1.29"
source = "registry+https://github.com/rust-lang/crates.io-index"
checksum = "5aeea4303076558a00714b823f9ad67d58a3bbda1df83d8827d21193156e22f7"
dependencies = [
 "once_cell",
]

[[package]]
name = "typenum"
version = "1.15.0"
source = "registry+https://github.com/rust-lang/crates.io-index"
checksum = "dcf81ac59edc17cc8697ff311e8f5ef2d99fcbd9817b34cec66f90b6c3dfd987"

[[package]]
name = "unicode-bidi"
version = "0.3.8"
source = "registry+https://github.com/rust-lang/crates.io-index"
checksum = "099b7128301d285f79ddd55b9a83d5e6b9e97c92e0ea0daebee7263e932de992"

[[package]]
name = "unicode-ident"
version = "1.0.3"
source = "registry+https://github.com/rust-lang/crates.io-index"
checksum = "c4f5b37a154999a8f3f98cc23a628d850e154479cd94decf3414696e12e31aaf"

[[package]]
name = "unicode-normalization"
version = "0.1.21"
source = "registry+https://github.com/rust-lang/crates.io-index"
checksum = "854cbdc4f7bc6ae19c820d44abdc3277ac3e1b2b93db20a636825d9322fb60e6"
dependencies = [
 "tinyvec",
]

[[package]]
name = "unicode-width"
version = "0.1.9"
source = "registry+https://github.com/rust-lang/crates.io-index"
checksum = "3ed742d4ea2bd1176e236172c8429aaf54486e7ac098db29ffe6529e0ce50973"

[[package]]
name = "url"
version = "2.2.2"
source = "registry+https://github.com/rust-lang/crates.io-index"
checksum = "a507c383b2d33b5fc35d1861e77e6b383d158b2da5e14fe51b83dfedf6fd578c"
dependencies = [
 "form_urlencoded",
 "idna",
 "matches",
 "percent-encoding",
]

[[package]]
name = "version_check"
version = "0.9.4"
source = "registry+https://github.com/rust-lang/crates.io-index"
checksum = "49874b5167b65d7193b8aba1567f5c7d93d001cafc34600cee003eda787e483f"

[[package]]
name = "wasi"
version = "0.11.0+wasi-snapshot-preview1"
source = "registry+https://github.com/rust-lang/crates.io-index"
checksum = "9c8d87e72b64a3b4db28d11ce29237c246188f4f51057d65a7eab63b7987e423"

[[package]]
name = "wasi-cap-std-sync"
version = "0.39.1"
source = "registry+https://github.com/rust-lang/crates.io-index"
checksum = "88ec937bd9bb960475991083c97819c6b6b953e433a0240f110d64b88f8fa516"
dependencies = [
 "anyhow",
 "async-trait",
 "cap-fs-ext",
 "cap-rand",
 "cap-std",
 "cap-time-ext",
 "fs-set-times",
 "io-extras",
 "io-lifetimes",
 "is-terminal",
 "lazy_static",
 "rustix",
 "system-interface",
 "tracing",
 "wasi-common",
 "windows-sys",
]

[[package]]
name = "wasi-common"
version = "0.39.1"
source = "registry+https://github.com/rust-lang/crates.io-index"
checksum = "44d94ceb7894bb90a4793e997a21096c76b17a9fa354d29b7ff78fec9c7fabc7"
dependencies = [
 "anyhow",
 "bitflags",
 "cap-rand",
 "cap-std",
 "io-extras",
 "rustix",
 "thiserror",
 "tracing",
 "wiggle",
 "windows-sys",
]

[[package]]
name = "wasm-encoder"
version = "0.15.0"
source = "registry+https://github.com/rust-lang/crates.io-index"
checksum = "8905fd25fdadeb0e7e8bf43a9f46f9f972d6291ad0c7a32573b88dd13a6cfa6b"
dependencies = [
 "leb128",
]

[[package]]
name = "wasmparser"
version = "0.86.0"
source = "registry+https://github.com/rust-lang/crates.io-index"
checksum = "4bcbfe95447da2aa7ff171857fc8427513eb57c75a729bb190e974dc695e8f5c"
dependencies = [
 "indexmap",
]

[[package]]
name = "wasmtime"
version = "0.39.1"
source = "registry+https://github.com/rust-lang/crates.io-index"
checksum = "0d10a6853d64e99fffdae80f93a45080475c9267f87743060814dc1186d74618"
dependencies = [
 "anyhow",
 "async-trait",
 "backtrace",
 "bincode",
 "cfg-if",
 "indexmap",
 "lazy_static",
 "libc",
 "log",
 "object 0.28.4",
 "once_cell",
 "paste",
 "psm",
 "rayon",
 "region",
 "serde",
 "target-lexicon",
 "wasmparser",
 "wasmtime-cache",
 "wasmtime-cranelift",
 "wasmtime-environ",
 "wasmtime-fiber",
 "wasmtime-jit",
 "wasmtime-runtime",
 "wat",
 "windows-sys",
]

[[package]]
name = "wasmtime-cache"
version = "0.39.1"
source = "registry+https://github.com/rust-lang/crates.io-index"
checksum = "0617b2f4c897b6a89b9d143466f3c724b9a36c6eabc443bf463f4e1ad48a2ccd"
dependencies = [
 "anyhow",
 "base64",
 "bincode",
 "directories-next",
 "file-per-thread-logger",
 "log",
 "rustix",
 "serde",
 "sha2",
 "toml",
 "windows-sys",
 "zstd",
]

[[package]]
name = "wasmtime-cranelift"
version = "0.39.1"
source = "registry+https://github.com/rust-lang/crates.io-index"
checksum = "3302b33d919e8e33f1717d592c10c3cddccb318d0e1e0bef75178f579686ba94"
dependencies = [
 "anyhow",
 "cranelift-codegen",
 "cranelift-entity",
 "cranelift-frontend",
 "cranelift-native",
 "cranelift-wasm",
 "gimli",
 "log",
 "more-asserts",
 "object 0.28.4",
 "target-lexicon",
 "thiserror",
 "wasmparser",
 "wasmtime-environ",
]

[[package]]
name = "wasmtime-environ"
version = "0.39.1"
source = "registry+https://github.com/rust-lang/crates.io-index"
checksum = "7c50fb925e8eaa9f8431f9b784ea89a13c703cb445ddfe51cb437596fc34e734"
dependencies = [
 "anyhow",
 "cranelift-entity",
 "gimli",
 "indexmap",
 "log",
 "more-asserts",
 "object 0.28.4",
 "serde",
 "target-lexicon",
 "thiserror",
 "wasmparser",
 "wasmtime-types",
]

[[package]]
name = "wasmtime-fiber"
version = "0.39.1"
source = "registry+https://github.com/rust-lang/crates.io-index"
checksum = "2f6aba0b317746e8213d1f36a4c51974e66e69c1f05bfc09ed29b4d4bda290eb"
dependencies = [
 "cc",
 "cfg-if",
 "rustix",
 "windows-sys",
]

[[package]]
name = "wasmtime-jit"
version = "0.39.1"
source = "registry+https://github.com/rust-lang/crates.io-index"
checksum = "cad81635f33ab69aa04b386c9d954aef9f6230059f66caf67e55fb65bfd2f3e0"
dependencies = [
 "addr2line",
 "anyhow",
 "bincode",
 "cfg-if",
 "cpp_demangle",
 "gimli",
 "ittapi-rs",
 "log",
 "object 0.28.4",
 "region",
 "rustc-demangle",
 "rustix",
 "serde",
 "target-lexicon",
 "thiserror",
 "wasmtime-environ",
 "wasmtime-jit-debug",
 "wasmtime-runtime",
 "windows-sys",
]

[[package]]
name = "wasmtime-jit-debug"
version = "0.39.1"
source = "registry+https://github.com/rust-lang/crates.io-index"
checksum = "55e23273fddce8cab149a0743c46932bf4910268641397ed86b46854b089f38f"
dependencies = [
 "lazy_static",
 "object 0.28.4",
 "rustix",
]

[[package]]
name = "wasmtime-runtime"
version = "0.39.1"
source = "registry+https://github.com/rust-lang/crates.io-index"
checksum = "36b8aafb292502d28dc2d25f44d4a81e229bb2e0cc14ca847dde4448a1a62ae4"
dependencies = [
 "anyhow",
 "backtrace",
 "cc",
 "cfg-if",
 "indexmap",
 "libc",
 "log",
 "mach",
 "memfd",
 "memoffset",
 "more-asserts",
 "rand",
 "region",
 "rustix",
 "thiserror",
 "wasmtime-environ",
 "wasmtime-fiber",
 "wasmtime-jit-debug",
 "windows-sys",
]

[[package]]
name = "wasmtime-types"
version = "0.39.1"
source = "registry+https://github.com/rust-lang/crates.io-index"
checksum = "dd7edc34f358fc290d12e326de81884422cb94cf74cc305b27979569875332d6"
dependencies = [
 "cranelift-entity",
 "serde",
 "thiserror",
 "wasmparser",
]

[[package]]
name = "wasmtime-wasi"
version = "0.39.1"
source = "registry+https://github.com/rust-lang/crates.io-index"
checksum = "93e02ac8bc6ab1b278bbaceacdab34c65d47cf71068e077d85eb0070a5082401"
dependencies = [
 "anyhow",
 "wasi-cap-std-sync",
 "wasi-common",
 "wasmtime",
 "wiggle",
]

[[package]]
name = "wast"
version = "35.0.2"
source = "registry+https://github.com/rust-lang/crates.io-index"
checksum = "2ef140f1b49946586078353a453a1d28ba90adfc54dde75710bc1931de204d68"
dependencies = [
 "leb128",
]

[[package]]
name = "wast"
version = "45.0.0"
source = "registry+https://github.com/rust-lang/crates.io-index"
checksum = "186c474c4f9bb92756b566d592a16591b4526b1a4841171caa3f31d7fe330d96"
dependencies = [
 "leb128",
 "memchr",
 "unicode-width",
 "wasm-encoder",
]

[[package]]
name = "wat"
version = "1.0.47"
source = "registry+https://github.com/rust-lang/crates.io-index"
checksum = "c2d4bc4724b4f02a482c8cab053dac5ef26410f264c06ce914958f9a42813556"
dependencies = [
 "wast 45.0.0",
]

[[package]]
name = "webserver-wasi-host"
version = "0.1.0"
dependencies = [
 "anyhow",
 "tiny_http",
 "wasmtime",
 "wasmtime-wasi",
]

[[package]]
name = "wiggle"
version = "0.39.1"
source = "registry+https://github.com/rust-lang/crates.io-index"
checksum = "9b3b67b2d53a0a2f050f9864e38048051545f45b0de447f4942b8606d938267b"
dependencies = [
 "anyhow",
 "async-trait",
 "bitflags",
 "thiserror",
 "tracing",
 "wasmtime",
 "wiggle-macro",
]

[[package]]
name = "wiggle-generate"
version = "0.39.1"
source = "registry+https://github.com/rust-lang/crates.io-index"
checksum = "bac464f2b8b4202b4d99cf6693a734e9dbb811e6e5cd4ec541ecca008d9a4a34"
dependencies = [
 "anyhow",
 "heck",
 "proc-macro2",
 "quote",
 "shellexpand",
 "syn",
 "witx",
]

[[package]]
name = "wiggle-macro"
version = "0.39.1"
source = "registry+https://github.com/rust-lang/crates.io-index"
checksum = "94d509122879d42f641d49feb7c43dbdfc38aa34dba5b53e925f87398e740da5"
dependencies = [
 "proc-macro2",
 "quote",
 "syn",
 "wiggle-generate",
]

[[package]]
name = "winapi"
version = "0.3.9"
source = "registry+https://github.com/rust-lang/crates.io-index"
checksum = "5c839a674fcd7a98952e593242ea400abe93992746761e38641405d28b00f419"
dependencies = [
 "winapi-i686-pc-windows-gnu",
 "winapi-x86_64-pc-windows-gnu",
]

[[package]]
name = "winapi-i686-pc-windows-gnu"
version = "0.4.0"
source = "registry+https://github.com/rust-lang/crates.io-index"
checksum = "ac3b87c63620426dd9b991e5ce0329eff545bccbbb34f3be09ff6fb6ab51b7b6"

[[package]]
name = "winapi-util"
version = "0.1.5"
source = "registry+https://github.com/rust-lang/crates.io-index"
checksum = "70ec6ce85bb158151cae5e5c87f95a8e97d2c0c4b001223f33a334e3ce5de178"
dependencies = [
 "winapi",
]

[[package]]
name = "winapi-x86_64-pc-windows-gnu"
version = "0.4.0"
source = "registry+https://github.com/rust-lang/crates.io-index"
checksum = "712e227841d057c1ee1cd2fb22fa7e5a5461ae8e48fa2ca79ec42cfc1931183f"

[[package]]
name = "windows-sys"
version = "0.36.1"
source = "registry+https://github.com/rust-lang/crates.io-index"
checksum = "ea04155a16a59f9eab786fe12a4a450e75cdb175f9e0d80da1e17db09f55b8d2"
dependencies = [
 "windows_aarch64_msvc",
 "windows_i686_gnu",
 "windows_i686_msvc",
 "windows_x86_64_gnu",
 "windows_x86_64_msvc",
]

[[package]]
name = "windows_aarch64_msvc"
version = "0.36.1"
source = "registry+https://github.com/rust-lang/crates.io-index"
checksum = "9bb8c3fd39ade2d67e9874ac4f3db21f0d710bee00fe7cab16949ec184eeaa47"

[[package]]
name = "windows_i686_gnu"
version = "0.36.1"
source = "registry+https://github.com/rust-lang/crates.io-index"
checksum = "180e6ccf01daf4c426b846dfc66db1fc518f074baa793aa7d9b9aaeffad6a3b6"

[[package]]
name = "windows_i686_msvc"
version = "0.36.1"
source = "registry+https://github.com/rust-lang/crates.io-index"
checksum = "e2e7917148b2812d1eeafaeb22a97e4813dfa60a3f8f78ebe204bcc88f12f024"

[[package]]
name = "windows_x86_64_gnu"
version = "0.36.1"
source = "registry+https://github.com/rust-lang/crates.io-index"
checksum = "4dcd171b8776c41b97521e5da127a2d86ad280114807d0b2ab1e462bc764d9e1"

[[package]]
name = "windows_x86_64_msvc"
version = "0.36.1"
source = "registry+https://github.com/rust-lang/crates.io-index"
checksum = "c811ca4a8c853ef420abd8592ba53ddbbac90410fab6903b3e79972a631f7680"

[[package]]
name = "winx"
version = "0.33.0"
source = "registry+https://github.com/rust-lang/crates.io-index"
checksum = "b7b01e010390eb263a4518c8cebf86cb67469d1511c00b749a47b64c39e8054d"
dependencies = [
 "bitflags",
 "io-lifetimes",
 "windows-sys",
]

[[package]]
name = "witx"
version = "0.9.1"
source = "registry+https://github.com/rust-lang/crates.io-index"
checksum = "e366f27a5cabcddb2706a78296a40b8fcc451e1a6aba2fc1d94b4a01bdaaef4b"
dependencies = [
 "anyhow",
 "log",
 "thiserror",
 "wast 35.0.2",
]

[[package]]
name = "zstd"
version = "0.11.2+zstd.1.5.2"
source = "registry+https://github.com/rust-lang/crates.io-index"
checksum = "20cc960326ece64f010d2d2107537f26dc589a6573a316bd5b1dba685fa5fde4"
dependencies = [
 "zstd-safe",
]

[[package]]
name = "zstd-safe"
version = "5.0.2+zstd.1.5.2"
source = "registry+https://github.com/rust-lang/crates.io-index"
checksum = "1d2a5585e04f9eea4b2a3d1eca508c4dee9592a89ef6f450c11719da0726f4db"
dependencies = [
 "libc",
 "zstd-sys",
]

[[package]]
name = "zstd-sys"
version = "2.0.1+zstd.1.5.2"
source = "registry+https://github.com/rust-lang/crates.io-index"
checksum = "9fd07cbbc53846d9145dbffdf6dd09a7a0aa52be46741825f5c97bdd4f73f12b"
dependencies = [
 "cc",
 "libc",
]
